
Microsoft Visual Studio Solution File, Format Version 12.00
# Visual Studio 15
VisualStudioVersion = 15.0.27130.2036
MinimumVisualStudioVersion = 10.0.40219.1
Project("{FAE04EC0-301F-11D3-BF4B-00C04F79EFBC}") = "YourMusicDatabase", "YourMusicDatabase\YourMusicDatabase.csproj", "{96FA29B8-A16B-456F-9242-23E3CE1263F0}"
EndProject
Global
	GlobalSection(SolutionConfigurationPlatforms) = preSolution
		Debug|Any CPU = Debug|Any CPU
		Release|Any CPU = Release|Any CPU
	EndGlobalSection
	GlobalSection(ProjectConfigurationPlatforms) = postSolution
		{96FA29B8-A16B-456F-9242-23E3CE1263F0}.Debug|Any CPU.ActiveCfg = Debug|Any CPU
		{96FA29B8-A16B-456F-9242-23E3CE1263F0}.Debug|Any CPU.Build.0 = Debug|Any CPU
		{96FA29B8-A16B-456F-9242-23E3CE1263F0}.Release|Any CPU.ActiveCfg = Release|Any CPU
		{96FA29B8-A16B-456F-9242-23E3CE1263F0}.Release|Any CPU.Build.0 = Release|Any CPU
	EndGlobalSection
	GlobalSection(SolutionProperties) = preSolution
		HideSolutionNode = FALSE
	EndGlobalSection
	GlobalSection(ExtensibilityGlobals) = postSolution
		SolutionGuid = {F08B50D9-5846-48AF-B987-4FF2C2E801C5}
	EndGlobalSection
EndGlobal
